
Microsoft Visual Studio Solution File, Format Version 12.00
# Visual Studio Version 17
VisualStudioVersion = 17.0.31903.59
MinimumVisualStudioVersion = 10.0.40219.1
Project("{9A19103F-16F7-4668-BE54-9A1E7A4F7556}") = "Sanatorium.PatientService.Api", "Sanatorium.PatientService\Sanatorium.PatientService.Api.csproj", "{F07A006E-386B-467D-897D-7D0024058A02}"
EndProject
Project("{9A19103F-16F7-4668-BE54-9A1E7A4F7556}") = "Sanatorium.PatientService.Model", "Sanatorium.Model\Sanatorium.PatientService.Model.csproj", "{8DFC63CA-C4A8-4EE1-8039-910150A2C0AF}"
EndProject
Project("{9A19103F-16F7-4668-BE54-9A1E7A4F7556}") = "Sanatorium.PatientService.BusinessLogic", "Sanatorium.BusinessLogic\Sanatorium.PatientService.BusinessLogic.csproj", "{43201C00-4E98-48F9-889D-EED9884EFEF3}"
EndProject
Project("{9A19103F-16F7-4668-BE54-9A1E7A4F7556}") = "Sanatorium.StaffService.Model", "Sanatorium.StaffService.Model\Sanatorium.StaffService.Model.csproj", "{0E5C3BA6-68D0-449B-A373-D0A717652D51}"
EndProject
Project("{FAE04EC0-301F-11D3-BF4B-00C04F79EFBC}") = "Sanatorium.StaffService.BusinessLogic", "Sanatorium.StaffService.BusinessLogic\Sanatorium.StaffService.BusinessLogic.csproj", "{30DE5CF0-423C-4A5B-92B2-C5C21CB32F84}"
EndProject
Project("{FAE04EC0-301F-11D3-BF4B-00C04F79EFBC}") = "Sanatorium.Common", "Sanatorium.Common\Sanatorium.Common.csproj", "{EABE135C-1176-4C88-9E5E-995EC8E938FA}"
EndProject
Global
	GlobalSection(SolutionConfigurationPlatforms) = preSolution
		Debug|Any CPU = Debug|Any CPU
		Release|Any CPU = Release|Any CPU
	EndGlobalSection
	GlobalSection(ProjectConfigurationPlatforms) = postSolution
		{F07A006E-386B-467D-897D-7D0024058A02}.Debug|Any CPU.ActiveCfg = Debug|Any CPU
		{F07A006E-386B-467D-897D-7D0024058A02}.Debug|Any CPU.Build.0 = Debug|Any CPU
		{F07A006E-386B-467D-897D-7D0024058A02}.Release|Any CPU.ActiveCfg = Release|Any CPU
		{F07A006E-386B-467D-897D-7D0024058A02}.Release|Any CPU.Build.0 = Release|Any CPU
		{8DFC63CA-C4A8-4EE1-8039-910150A2C0AF}.Debug|Any CPU.ActiveCfg = Debug|Any CPU
		{8DFC63CA-C4A8-4EE1-8039-910150A2C0AF}.Debug|Any CPU.Build.0 = Debug|Any CPU
		{8DFC63CA-C4A8-4EE1-8039-910150A2C0AF}.Release|Any CPU.ActiveCfg = Release|Any CPU
		{8DFC63CA-C4A8-4EE1-8039-910150A2C0AF}.Release|Any CPU.Build.0 = Release|Any CPU
		{43201C00-4E98-48F9-889D-EED9884EFEF3}.Debug|Any CPU.ActiveCfg = Debug|Any CPU
		{43201C00-4E98-48F9-889D-EED9884EFEF3}.Debug|Any CPU.Build.0 = Debug|Any CPU
		{43201C00-4E98-48F9-889D-EED9884EFEF3}.Release|Any CPU.ActiveCfg = Release|Any CPU
		{43201C00-4E98-48F9-889D-EED9884EFEF3}.Release|Any CPU.Build.0 = Release|Any CPU
		{0E5C3BA6-68D0-449B-A373-D0A717652D51}.Debug|Any CPU.ActiveCfg = Debug|Any CPU
		{0E5C3BA6-68D0-449B-A373-D0A717652D51}.Debug|Any CPU.Build.0 = Debug|Any CPU
		{0E5C3BA6-68D0-449B-A373-D0A717652D51}.Release|Any CPU.ActiveCfg = Release|Any CPU
		{0E5C3BA6-68D0-449B-A373-D0A717652D51}.Release|Any CPU.Build.0 = Release|Any CPU
		{30DE5CF0-423C-4A5B-92B2-C5C21CB32F84}.Debug|Any CPU.ActiveCfg = Debug|Any CPU
		{30DE5CF0-423C-4A5B-92B2-C5C21CB32F84}.Debug|Any CPU.Build.0 = Debug|Any CPU
		{30DE5CF0-423C-4A5B-92B2-C5C21CB32F84}.Release|Any CPU.ActiveCfg = Release|Any CPU
		{30DE5CF0-423C-4A5B-92B2-C5C21CB32F84}.Release|Any CPU.Build.0 = Release|Any CPU
		{EABE135C-1176-4C88-9E5E-995EC8E938FA}.Debug|Any CPU.ActiveCfg = Debug|Any CPU
		{EABE135C-1176-4C88-9E5E-995EC8E938FA}.Debug|Any CPU.Build.0 = Debug|Any CPU
		{EABE135C-1176-4C88-9E5E-995EC8E938FA}.Release|Any CPU.ActiveCfg = Release|Any CPU
		{EABE135C-1176-4C88-9E5E-995EC8E938FA}.Release|Any CPU.Build.0 = Release|Any CPU
	EndGlobalSection
	GlobalSection(SolutionProperties) = preSolution
		HideSolutionNode = FALSE
	EndGlobalSection
	GlobalSection(ExtensibilityGlobals) = postSolution
		SolutionGuid = {1984F547-CF5F-4063-8991-BA5D5C352846}
	EndGlobalSection
EndGlobal
